{
  "requires": true,
  "lockfileVersion": 1,
  "dependencies": {
    "vue": {
      "version": "2.6.10",
      "resolved": "https://registry.npmjs.org/vue/-/vue-2.6.10.tgz",
      "integrity": "sha512-ImThpeNU9HbdZL3utgMCq0oiMzAkt1mcgy3/E6zWC/G6AaQoeuFdsl9nDhTDU3X1R6FK7nsIUuRACVcjI+A2GQ=="
    },
    "vue-multiple-back-top": {
      "version": "1.0.2",
      "resolved": "https://registry.npmjs.org/vue-multiple-back-top/-/vue-multiple-back-top-1.0.2.tgz",
      "integrity": "sha1-Th/xSkKbyD8CloFV3GSsDTUUcRc=",
      "requires": {
        "vue": "^2.3.3"
      }
    }
  }
}
